
Microsoft Visual Studio Solution File, Format Version 12.00
# Visual Studio Version 17
VisualStudioVersion = 17.4.33205.214
MinimumVisualStudioVersion = 10.0.40219.1
Project("{FAE04EC0-301F-11D3-BF4B-00C04F79EFBC}") = "Gladiator_fights", "Gladiator_fights\Gladiator_fights.csproj", "{FC6734D5-F38A-44ED-89A7-90407E27278E}"
EndProject
Global
	GlobalSection(SolutionConfigurationPlatforms) = preSolution
		Debug|Any CPU = Debug|Any CPU
		Release|Any CPU = Release|Any CPU
	EndGlobalSection
	GlobalSection(ProjectConfigurationPlatforms) = postSolution
		{FC6734D5-F38A-44ED-89A7-90407E27278E}.Debug|Any CPU.ActiveCfg = Debug|Any CPU
		{FC6734D5-F38A-44ED-89A7-90407E27278E}.Debug|Any CPU.Build.0 = Debug|Any CPU
		{FC6734D5-F38A-44ED-89A7-90407E27278E}.Release|Any CPU.ActiveCfg = Release|Any CPU
		{FC6734D5-F38A-44ED-89A7-90407E27278E}.Release|Any CPU.Build.0 = Release|Any CPU
	EndGlobalSection
	GlobalSection(SolutionProperties) = preSolution
		HideSolutionNode = FALSE
	EndGlobalSection
	GlobalSection(ExtensibilityGlobals) = postSolution
		SolutionGuid = {B5DA9D3D-BECB-4B0B-88C4-8721FEEB6D39}
	EndGlobalSection
EndGlobal
